
Microsoft Visual Studio Solution File, Format Version 12.00
# Visual Studio Version 16
VisualStudioVersion = 16.0.30804.86
MinimumVisualStudioVersion = 10.0.40219.1
Project("{FAE04EC0-301F-11D3-BF4B-00C04F79EFBC}") = "sinemovie", "sinemovie\sinemovie.csproj", "{14D06570-2FEC-4469-AC0A-63E86A22FA69}"
EndProject
Global
	GlobalSection(SolutionConfigurationPlatforms) = preSolution
		Debug|Any CPU = Debug|Any CPU
		Release|Any CPU = Release|Any CPU
	EndGlobalSection
	GlobalSection(ProjectConfigurationPlatforms) = postSolution
		{14D06570-2FEC-4469-AC0A-63E86A22FA69}.Debug|Any CPU.ActiveCfg = Debug|Any CPU
		{14D06570-2FEC-4469-AC0A-63E86A22FA69}.Debug|Any CPU.Build.0 = Debug|Any CPU
		{14D06570-2FEC-4469-AC0A-63E86A22FA69}.Release|Any CPU.ActiveCfg = Release|Any CPU
		{14D06570-2FEC-4469-AC0A-63E86A22FA69}.Release|Any CPU.Build.0 = Release|Any CPU
	EndGlobalSection
	GlobalSection(SolutionProperties) = preSolution
		HideSolutionNode = FALSE
	EndGlobalSection
	GlobalSection(ExtensibilityGlobals) = postSolution
		SolutionGuid = {18BADF6F-73E6-449D-ADF9-F73C58FD4683}
	EndGlobalSection
EndGlobal
